
Microsoft Visual Studio Solution File, Format Version 12.00
# Visual Studio Version 17
VisualStudioVersion = 17.8.34330.188
MinimumVisualStudioVersion = 10.0.40219.1
Project("{FAE04EC0-301F-11D3-BF4B-00C04F79EFBC}") = "Slay The Basilisk MonoGame", "Slay The Basilisk MonoGame.csproj", "{32CA7E02-8092-4574-B23C-91AC8B4D9623}"
EndProject
Global
	GlobalSection(SolutionConfigurationPlatforms) = preSolution
		Debug|Any CPU = Debug|Any CPU
		Release|Any CPU = Release|Any CPU
	EndGlobalSection
	GlobalSection(ProjectConfigurationPlatforms) = postSolution
		{32CA7E02-8092-4574-B23C-91AC8B4D9623}.Debug|Any CPU.ActiveCfg = Debug|Any CPU
		{32CA7E02-8092-4574-B23C-91AC8B4D9623}.Debug|Any CPU.Build.0 = Debug|Any CPU
		{32CA7E02-8092-4574-B23C-91AC8B4D9623}.Release|Any CPU.ActiveCfg = Release|Any CPU
		{32CA7E02-8092-4574-B23C-91AC8B4D9623}.Release|Any CPU.Build.0 = Release|Any CPU
	EndGlobalSection
	GlobalSection(SolutionProperties) = preSolution
		HideSolutionNode = FALSE
	EndGlobalSection
	GlobalSection(ExtensibilityGlobals) = postSolution
		SolutionGuid = {725E61A2-8032-4953-B03A-9A9E5DF442C3}
	EndGlobalSection
EndGlobal
